
Microsoft Visual Studio Solution File, Format Version 12.00
# Visual Studio 15
VisualStudioVersion = 15.0.26228.4
MinimumVisualStudioVersion = 10.0.40219.1
Project("{FAE04EC0-301F-11D3-BF4B-00C04F79EFBC}") = "XamarinFormStore.Android", "XamarinFormStore\XamarinFormStore.Android\XamarinFormStore.Android.csproj", "{4D66A160-F61E-410F-A100-6EFF612894A0}"
EndProject
Project("{FAE04EC0-301F-11D3-BF4B-00C04F79EFBC}") = "XamarinFormStore", "XamarinFormStore\XamarinFormStore\XamarinFormStore.csproj", "{75AE39CB-478D-4478-BE06-2002CF45C2D4}"
EndProject
Project("{FAE04EC0-301F-11D3-BF4B-00C04F79EFBC}") = "XamarinFormStore.UWP", "XamarinFormStore\XamarinFormStore.UWP\XamarinFormStore.UWP.csproj", "{6BFD53A0-57CB-4501-BAF7-8C05A6E1DEAA}"
EndProject
Project("{FAE04EC0-301F-11D3-BF4B-00C04F79EFBC}") = "XamarinFormStore.iOS", "XamarinFormStore\XamarinFormStore.iOS\XamarinFormStore.iOS.csproj", "{FC824770-1CEB-435D-A7A2-6B288FAAC2B0}"
EndProject
Global
	GlobalSection(SolutionConfigurationPlatforms) = preSolution
		Ad-Hoc|Any CPU = Ad-Hoc|Any CPU
		Ad-Hoc|ARM = Ad-Hoc|ARM
		Ad-Hoc|iPhone = Ad-Hoc|iPhone
		Ad-Hoc|iPhoneSimulator = Ad-Hoc|iPhoneSimulator
		Ad-Hoc|x64 = Ad-Hoc|x64
		Ad-Hoc|x86 = Ad-Hoc|x86
		AppStore|Any CPU = AppStore|Any CPU
		AppStore|ARM = AppStore|ARM
		AppStore|iPhone = AppStore|iPhone
		AppStore|iPhoneSimulator = AppStore|iPhoneSimulator
		AppStore|x64 = AppStore|x64
		AppStore|x86 = AppStore|x86
		Debug|Any CPU = Debug|Any CPU
		Debug|ARM = Debug|ARM
		Debug|iPhone = Debug|iPhone
		Debug|iPhoneSimulator = Debug|iPhoneSimulator
		Debug|x64 = Debug|x64
		Debug|x86 = Debug|x86
		Release|Any CPU = Release|Any CPU
		Release|ARM = Release|ARM
		Release|iPhone = Release|iPhone
		Release|iPhoneSimulator = Release|iPhoneSimulator
		Release|x64 = Release|x64
		Release|x86 = Release|x86
	EndGlobalSection
	GlobalSection(ProjectConfigurationPlatforms) = postSolution
		{4D66A160-F61E-410F-A100-6EFF612894A0}.Ad-Hoc|Any CPU.ActiveCfg = Release|Any CPU
		{4D66A160-F61E-410F-A100-6EFF612894A0}.Ad-Hoc|Any CPU.Build.0 = Release|Any CPU
		{4D66A160-F61E-410F-A100-6EFF612894A0}.Ad-Hoc|Any CPU.Deploy.0 = Release|Any CPU
		{4D66A160-F61E-410F-A100-6EFF612894A0}.Ad-Hoc|ARM.ActiveCfg = Release|Any CPU
		{4D66A160-F61E-410F-A100-6EFF612894A0}.Ad-Hoc|ARM.Build.0 = Release|Any CPU
		{4D66A160-F61E-410F-A100-6EFF612894A0}.Ad-Hoc|ARM.Deploy.0 = Release|Any CPU
		{4D66A160-F61E-410F-A100-6EFF612894A0}.Ad-Hoc|iPhone.ActiveCfg = Release|Any CPU
		{4D66A160-F61E-410F-A100-6EFF612894A0}.Ad-Hoc|iPhone.Build.0 = Release|Any CPU
		{4D66A160-F61E-410F-A100-6EFF612894A0}.Ad-Hoc|iPhone.Deploy.0 = Release|Any CPU
		{4D66A160-F61E-410F-A100-6EFF612894A0}.Ad-Hoc|iPhoneSimulator.ActiveCfg = Release|Any CPU
		{4D66A160-F61E-410F-A100-6EFF612894A0}.Ad-Hoc|iPhoneSimulator.Build.0 = Release|Any CPU
		{4D66A160-F61E-410F-A100-6EFF612894A0}.Ad-Hoc|iPhoneSimulator.Deploy.0 = Release|Any CPU
		{4D66A160-F61E-410F-A100-6EFF612894A0}.Ad-Hoc|x64.ActiveCfg = Release|Any CPU
		{4D66A160-F61E-410F-A100-6EFF612894A0}.Ad-Hoc|x64.Build.0 = Release|Any CPU
		{4D66A160-F61E-410F-A100-6EFF612894A0}.Ad-Hoc|x64.Deploy.0 = Release|Any CPU
		{4D66A160-F61E-410F-A100-6EFF612894A0}.Ad-Hoc|x86.ActiveCfg = Release|Any CPU
		{4D66A160-F61E-410F-A100-6EFF612894A0}.Ad-Hoc|x86.Build.0 = Release|Any CPU
		{4D66A160-F61E-410F-A100-6EFF612894A0}.Ad-Hoc|x86.Deploy.0 = Release|Any CPU
		{4D66A160-F61E-410F-A100-6EFF612894A0}.AppStore|Any CPU.ActiveCfg = Release|Any CPU
		{4D66A160-F61E-410F-A100-6EFF612894A0}.AppStore|Any CPU.Build.0 = Release|Any CPU
		{4D66A160-F61E-410F-A100-6EFF612894A0}.AppStore|Any CPU.Deploy.0 = Release|Any CPU
		{4D66A160-F61E-410F-A100-6EFF612894A0}.AppStore|ARM.ActiveCfg = Release|Any CPU
		{4D66A160-F61E-410F-A100-6EFF612894A0}.AppStore|ARM.Build.0 = Release|Any CPU
		{4D66A160-F61E-410F-A100-6EFF612894A0}.AppStore|ARM.Deploy.0 = Release|Any CPU
		{4D66A160-F61E-410F-A100-6EFF612894A0}.AppStore|iPhone.ActiveCfg = Release|Any CPU
		{4D66A160-F61E-410F-A100-6EFF612894A0}.AppStore|iPhone.Build.0 = Release|Any CPU
		{4D66A160-F61E-410F-A100-6EFF612894A0}.AppStore|iPhone.Deploy.0 = Release|Any CPU
		{4D66A160-F61E-410F-A100-6EFF612894A0}.AppStore|iPhoneSimulator.ActiveCfg = Release|Any CPU
		{4D66A160-F61E-410F-A100-6EFF612894A0}.AppStore|iPhoneSimulator.Build.0 = Release|Any CPU
		{4D66A160-F61E-410F-A100-6EFF612894A0}.AppStore|iPhoneSimulator.Deploy.0 = Release|Any CPU
		{4D66A160-F61E-410F-A100-6EFF612894A0}.AppStore|x64.ActiveCfg = Release|Any CPU
		{4D66A160-F61E-410F-A100-6EFF612894A0}.AppStore|x64.Build.0 = Release|Any CPU
		{4D66A160-F61E-410F-A100-6EFF612894A0}.AppStore|x64.Deploy.0 = Release|Any CPU
		{4D66A160-F61E-410F-A100-6EFF612894A0}.AppStore|x86.ActiveCfg = Release|Any CPU
		{4D66A160-F61E-410F-A100-6EFF612894A0}.AppStore|x86.Build.0 = Release|Any CPU
		{4D66A160-F61E-410F-A100-6EFF612894A0}.AppStore|x86.Deploy.0 = Release|Any CPU
		{4D66A160-F61E-410F-A100-6EFF612894A0}.Debug|Any CPU.ActiveCfg = Debug|Any CPU
		{4D66A160-F61E-410F-A100-6EFF612894A0}.Debug|Any CPU.Build.0 = Debug|Any CPU
		{4D66A160-F61E-410F-A100-6EFF612894A0}.Debug|Any CPU.Deploy.0 = Debug|Any CPU
		{4D66A160-F61E-410F-A100-6EFF612894A0}.Debug|ARM.ActiveCfg = Debug|Any CPU
		{4D66A160-F61E-410F-A100-6EFF612894A0}.Debug|ARM.Build.0 = Debug|Any CPU
		{4D66A160-F61E-410F-A100-6EFF612894A0}.Debug|ARM.Deploy.0 = Debug|Any CPU
		{4D66A160-F61E-410F-A100-6EFF612894A0}.Debug|iPhone.ActiveCfg = Debug|Any CPU
		{4D66A160-F61E-410F-A100-6EFF612894A0}.Debug|iPhone.Build.0 = Debug|Any CPU
		{4D66A160-F61E-410F-A100-6EFF612894A0}.Debug|iPhone.Deploy.0 = Debug|Any CPU
		{4D66A160-F61E-410F-A100-6EFF612894A0}.Debug|iPhoneSimulator.ActiveCfg = Debug|Any CPU
		{4D66A160-F61E-410F-A100-6EFF612894A0}.Debug|iPhoneSimulator.Build.0 = Debug|Any CPU
		{4D66A160-F61E-410F-A100-6EFF612894A0}.Debug|iPhoneSimulator.Deploy.0 = Debug|Any CPU
		{4D66A160-F61E-410F-A100-6EFF612894A0}.Debug|x64.ActiveCfg = Debug|Any CPU
		{4D66A160-F61E-410F-A100-6EFF612894A0}.Debug|x64.Build.0 = Debug|Any CPU
		{4D66A160-F61E-410F-A100-6EFF612894A0}.Debug|x64.Deploy.0 = Debug|Any CPU
		{4D66A160-F61E-410F-A100-6EFF612894A0}.Debug|x86.ActiveCfg = Debug|Any CPU
		{4D66A160-F61E-410F-A100-6EFF612894A0}.Debug|x86.Build.0 = Debug|Any CPU
		{4D66A160-F61E-410F-A100-6EFF612894A0}.Debug|x86.Deploy.0 = Debug|Any CPU
		{4D66A160-F61E-410F-A100-6EFF612894A0}.Release|Any CPU.ActiveCfg = Release|Any CPU
		{4D66A160-F61E-410F-A100-6EFF612894A0}.Release|Any CPU.Build.0 = Release|Any CPU
		{4D66A160-F61E-410F-A100-6EFF612894A0}.Release|Any CPU.Deploy.0 = Release|Any CPU
		{4D66A160-F61E-410F-A100-6EFF612894A0}.Release|ARM.ActiveCfg = Release|Any CPU
		{4D66A160-F61E-410F-A100-6EFF612894A0}.Release|ARM.Build.0 = Release|Any CPU
		{4D66A160-F61E-410F-A100-6EFF612894A0}.Release|ARM.Deploy.0 = Release|Any CPU
		{4D66A160-F61E-410F-A100-6EFF612894A0}.Release|iPhone.ActiveCfg = Release|Any CPU
		{4D66A160-F61E-410F-A100-6EFF612894A0}.Release|iPhone.Build.0 = Release|Any CPU
		{4D66A160-F61E-410F-A100-6EFF612894A0}.Release|iPhone.Deploy.0 = Release|Any CPU
		{4D66A160-F61E-410F-A100-6EFF612894A0}.Release|iPhoneSimulator.ActiveCfg = Release|Any CPU
		{4D66A160-F61E-410F-A100-6EFF612894A0}.Release|iPhoneSimulator.Build.0 = Release|Any CPU
		{4D66A160-F61E-410F-A100-6EFF612894A0}.Release|iPhoneSimulator.Deploy.0 = Release|Any CPU
		{4D66A160-F61E-410F-A100-6EFF612894A0}.Release|x64.ActiveCfg = Release|Any CPU
		{4D66A160-F61E-410F-A100-6EFF612894A0}.Release|x64.Build.0 = Release|Any CPU
		{4D66A160-F61E-410F-A100-6EFF612894A0}.Release|x64.Deploy.0 = Release|Any CPU
		{4D66A160-F61E-410F-A100-6EFF612894A0}.Release|x86.ActiveCfg = Release|Any CPU
		{4D66A160-F61E-410F-A100-6EFF612894A0}.Release|x86.Build.0 = Release|Any CPU
		{4D66A160-F61E-410F-A100-6EFF612894A0}.Release|x86.Deploy.0 = Release|Any CPU
		{75AE39CB-478D-4478-BE06-2002CF45C2D4}.Ad-Hoc|Any CPU.ActiveCfg = Release|Any CPU
		{75AE39CB-478D-4478-BE06-2002CF45C2D4}.Ad-Hoc|Any CPU.Build.0 = Release|Any CPU
		{75AE39CB-478D-4478-BE06-2002CF45C2D4}.Ad-Hoc|ARM.ActiveCfg = Release|Any CPU
		{75AE39CB-478D-4478-BE06-2002CF45C2D4}.Ad-Hoc|ARM.Build.0 = Release|Any CPU
		{75AE39CB-478D-4478-BE06-2002CF45C2D4}.Ad-Hoc|iPhone.ActiveCfg = Release|Any CPU
		{75AE39CB-478D-4478-BE06-2002CF45C2D4}.Ad-Hoc|iPhone.Build.0 = Release|Any CPU
		{75AE39CB-478D-4478-BE06-2002CF45C2D4}.Ad-Hoc|iPhoneSimulator.ActiveCfg = Release|Any CPU
		{75AE39CB-478D-4478-BE06-2002CF45C2D4}.Ad-Hoc|iPhoneSimulator.Build.0 = Release|Any CPU
		{75AE39CB-478D-4478-BE06-2002CF45C2D4}.Ad-Hoc|x64.ActiveCfg = Release|Any CPU
		{75AE39CB-478D-4478-BE06-2002CF45C2D4}.Ad-Hoc|x64.Build.0 = Release|Any CPU
		{75AE39CB-478D-4478-BE06-2002CF45C2D4}.Ad-Hoc|x86.ActiveCfg = Release|Any CPU
		{75AE39CB-478D-4478-BE06-2002CF45C2D4}.Ad-Hoc|x86.Build.0 = Release|Any CPU
		{75AE39CB-478D-4478-BE06-2002CF45C2D4}.AppStore|Any CPU.ActiveCfg = Release|Any CPU
		{75AE39CB-478D-4478-BE06-2002CF45C2D4}.AppStore|Any CPU.Build.0 = Release|Any CPU
		{75AE39CB-478D-4478-BE06-2002CF45C2D4}.AppStore|ARM.ActiveCfg = Release|Any CPU
		{75AE39CB-478D-4478-BE06-2002CF45C2D4}.AppStore|ARM.Build.0 = Release|Any CPU
		{75AE39CB-478D-4478-BE06-2002CF45C2D4}.AppStore|iPhone.ActiveCfg = Release|Any CPU
		{75AE39CB-478D-4478-BE06-2002CF45C2D4}.AppStore|iPhone.Build.0 = Release|Any CPU
		{75AE39CB-478D-4478-BE06-2002CF45C2D4}.AppStore|iPhoneSimulator.ActiveCfg = Release|Any CPU
		{75AE39CB-478D-4478-BE06-2002CF45C2D4}.AppStore|iPhoneSimulator.Build.0 = Release|Any CPU
		{75AE39CB-478D-4478-BE06-2002CF45C2D4}.AppStore|x64.ActiveCfg = Release|Any CPU
		{75AE39CB-478D-4478-BE06-2002CF45C2D4}.AppStore|x64.Build.0 = Release|Any CPU
		{75AE39CB-478D-4478-BE06-2002CF45C2D4}.AppStore|x86.ActiveCfg = Release|Any CPU
		{75AE39CB-478D-4478-BE06-2002CF45C2D4}.AppStore|x86.Build.0 = Release|Any CPU
		{75AE39CB-478D-4478-BE06-2002CF45C2D4}.Debug|Any CPU.ActiveCfg = Debug|Any CPU
		{75AE39CB-478D-4478-BE06-2002CF45C2D4}.Debug|Any CPU.Build.0 = Debug|Any CPU
		{75AE39CB-478D-4478-BE06-2002CF45C2D4}.Debug|ARM.ActiveCfg = Debug|Any CPU
		{75AE39CB-478D-4478-BE06-2002CF45C2D4}.Debug|ARM.Build.0 = Debug|Any CPU
		{75AE39CB-478D-4478-BE06-2002CF45C2D4}.Debug|iPhone.ActiveCfg = Debug|Any CPU
		{75AE39CB-478D-4478-BE06-2002CF45C2D4}.Debug|iPhone.Build.0 = Debug|Any CPU
		{75AE39CB-478D-4478-BE06-2002CF45C2D4}.Debug|iPhoneSimulator.ActiveCfg = Debug|Any CPU
		{75AE39CB-478D-4478-BE06-2002CF45C2D4}.Debug|iPhoneSimulator.Build.0 = Debug|Any CPU
		{75AE39CB-478D-4478-BE06-2002CF45C2D4}.Debug|x64.ActiveCfg = Debug|Any CPU
		{75AE39CB-478D-4478-BE06-2002CF45C2D4}.Debug|x64.Build.0 = Debug|Any CPU
		{75AE39CB-478D-4478-BE06-2002CF45C2D4}.Debug|x86.ActiveCfg = Debug|Any CPU
		{75AE39CB-478D-4478-BE06-2002CF45C2D4}.Debug|x86.Build.0 = Debug|Any CPU
		{75AE39CB-478D-4478-BE06-2002CF45C2D4}.Release|Any CPU.ActiveCfg = Release|Any CPU
		{75AE39CB-478D-4478-BE06-2002CF45C2D4}.Release|Any CPU.Build.0 = Release|Any CPU
		{75AE39CB-478D-4478-BE06-2002CF45C2D4}.Release|ARM.ActiveCfg = Release|Any CPU
		{75AE39CB-478D-4478-BE06-2002CF45C2D4}.Release|ARM.Build.0 = Release|Any CPU
		{75AE39CB-478D-4478-BE06-2002CF45C2D4}.Release|iPhone.ActiveCfg = Release|Any CPU
		{75AE39CB-478D-4478-BE06-2002CF45C2D4}.Release|iPhone.Build.0 = Release|Any CPU
		{75AE39CB-478D-4478-BE06-2002CF45C2D4}.Release|iPhoneSimulator.ActiveCfg = Release|Any CPU
		{75AE39CB-478D-4478-BE06-2002CF45C2D4}.Release|iPhoneSimulator.Build.0 = Release|Any CPU
		{75AE39CB-478D-4478-BE06-2002CF45C2D4}.Release|x64.ActiveCfg = Release|Any CPU
		{75AE39CB-478D-4478-BE06-2002CF45C2D4}.Release|x64.Build.0 = Release|Any CPU
		{75AE39CB-478D-4478-BE06-2002CF45C2D4}.Release|x86.ActiveCfg = Release|Any CPU
		{75AE39CB-478D-4478-BE06-2002CF45C2D4}.Release|x86.Build.0 = Release|Any CPU
		{6BFD53A0-57CB-4501-BAF7-8C05A6E1DEAA}.Ad-Hoc|Any CPU.ActiveCfg = Release|x86
		{6BFD53A0-57CB-4501-BAF7-8C05A6E1DEAA}.Ad-Hoc|Any CPU.Build.0 = Release|x86
		{6BFD53A0-57CB-4501-BAF7-8C05A6E1DEAA}.Ad-Hoc|Any CPU.Deploy.0 = Release|x86
		{6BFD53A0-57CB-4501-BAF7-8C05A6E1DEAA}.Ad-Hoc|ARM.ActiveCfg = Release|ARM
		{6BFD53A0-57CB-4501-BAF7-8C05A6E1DEAA}.Ad-Hoc|ARM.Build.0 = Release|ARM
		{6BFD53A0-57CB-4501-BAF7-8C05A6E1DEAA}.Ad-Hoc|ARM.Deploy.0 = Release|ARM
		{6BFD53A0-57CB-4501-BAF7-8C05A6E1DEAA}.Ad-Hoc|iPhone.ActiveCfg = Release|x86
		{6BFD53A0-57CB-4501-BAF7-8C05A6E1DEAA}.Ad-Hoc|iPhone.Build.0 = Release|x86
		{6BFD53A0-57CB-4501-BAF7-8C05A6E1DEAA}.Ad-Hoc|iPhone.Deploy.0 = Release|x86
		{6BFD53A0-57CB-4501-BAF7-8C05A6E1DEAA}.Ad-Hoc|iPhoneSimulator.ActiveCfg = Release|x86
		{6BFD53A0-57CB-4501-BAF7-8C05A6E1DEAA}.Ad-Hoc|iPhoneSimulator.Build.0 = Release|x86
		{6BFD53A0-57CB-4501-BAF7-8C05A6E1DEAA}.Ad-Hoc|iPhoneSimulator.Deploy.0 = Release|x86
		{6BFD53A0-57CB-4501-BAF7-8C05A6E1DEAA}.Ad-Hoc|x64.ActiveCfg = Release|x64
		{6BFD53A0-57CB-4501-BAF7-8C05A6E1DEAA}.Ad-Hoc|x64.Build.0 = Release|x64
		{6BFD53A0-57CB-4501-BAF7-8C05A6E1DEAA}.Ad-Hoc|x64.Deploy.0 = Release|x64
		{6BFD53A0-57CB-4501-BAF7-8C05A6E1DEAA}.Ad-Hoc|x86.ActiveCfg = Release|x86
		{6BFD53A0-57CB-4501-BAF7-8C05A6E1DEAA}.Ad-Hoc|x86.Build.0 = Release|x86
		{6BFD53A0-57CB-4501-BAF7-8C05A6E1DEAA}.Ad-Hoc|x86.Deploy.0 = Release|x86
		{6BFD53A0-57CB-4501-BAF7-8C05A6E1DEAA}.AppStore|Any CPU.ActiveCfg = Release|x86
		{6BFD53A0-57CB-4501-BAF7-8C05A6E1DEAA}.AppStore|Any CPU.Build.0 = Release|x86
		{6BFD53A0-57CB-4501-BAF7-8C05A6E1DEAA}.AppStore|Any CPU.Deploy.0 = Release|x86
		{6BFD53A0-57CB-4501-BAF7-8C05A6E1DEAA}.AppStore|ARM.ActiveCfg = Release|ARM
		{6BFD53A0-57CB-4501-BAF7-8C05A6E1DEAA}.AppStore|ARM.Build.0 = Release|ARM
		{6BFD53A0-57CB-4501-BAF7-8C05A6E1DEAA}.AppStore|ARM.Deploy.0 = Release|ARM
		{6BFD53A0-57CB-4501-BAF7-8C05A6E1DEAA}.AppStore|iPhone.ActiveCfg = Release|x86
		{6BFD53A0-57CB-4501-BAF7-8C05A6E1DEAA}.AppStore|iPhone.Build.0 = Release|x86
		{6BFD53A0-57CB-4501-BAF7-8C05A6E1DEAA}.AppStore|iPhone.Deploy.0 = Release|x86
		{6BFD53A0-57CB-4501-BAF7-8C05A6E1DEAA}.AppStore|iPhoneSimulator.ActiveCfg = Release|x86
		{6BFD53A0-57CB-4501-BAF7-8C05A6E1DEAA}.AppStore|iPhoneSimulator.Build.0 = Release|x86
		{6BFD53A0-57CB-4501-BAF7-8C05A6E1DEAA}.AppStore|iPhoneSimulator.Deploy.0 = Release|x86
		{6BFD53A0-57CB-4501-BAF7-8C05A6E1DEAA}.AppStore|x64.ActiveCfg = Release|x64
		{6BFD53A0-57CB-4501-BAF7-8C05A6E1DEAA}.AppStore|x64.Build.0 = Release|x64
		{6BFD53A0-57CB-4501-BAF7-8C05A6E1DEAA}.AppStore|x64.Deploy.0 = Release|x64
		{6BFD53A0-57CB-4501-BAF7-8C05A6E1DEAA}.AppStore|x86.ActiveCfg = Release|x86
		{6BFD53A0-57CB-4501-BAF7-8C05A6E1DEAA}.AppStore|x86.Build.0 = Release|x86
		{6BFD53A0-57CB-4501-BAF7-8C05A6E1DEAA}.AppStore|x86.Deploy.0 = Release|x86
		{6BFD53A0-57CB-4501-BAF7-8C05A6E1DEAA}.Debug|Any CPU.ActiveCfg = Debug|x86
		{6BFD53A0-57CB-4501-BAF7-8C05A6E1DEAA}.Debug|ARM.ActiveCfg = Debug|ARM
		{6BFD53A0-57CB-4501-BAF7-8C05A6E1DEAA}.Debug|ARM.Build.0 = Debug|ARM
		{6BFD53A0-57CB-4501-BAF7-8C05A6E1DEAA}.Debug|ARM.Deploy.0 = Debug|ARM
		{6BFD53A0-57CB-4501-BAF7-8C05A6E1DEAA}.Debug|iPhone.ActiveCfg = Debug|x86
		{6BFD53A0-57CB-4501-BAF7-8C05A6E1DEAA}.Debug|iPhoneSimulator.ActiveCfg = Debug|x86
		{6BFD53A0-57CB-4501-BAF7-8C05A6E1DEAA}.Debug|x64.ActiveCfg = Debug|x64
		{6BFD53A0-57CB-4501-BAF7-8C05A6E1DEAA}.Debug|x64.Build.0 = Debug|x64
		{6BFD53A0-57CB-4501-BAF7-8C05A6E1DEAA}.Debug|x64.Deploy.0 = Debug|x64
		{6BFD53A0-57CB-4501-BAF7-8C05A6E1DEAA}.Debug|x86.ActiveCfg = Debug|x86
		{6BFD53A0-57CB-4501-BAF7-8C05A6E1DEAA}.Debug|x86.Build.0 = Debug|x86
		{6BFD53A0-57CB-4501-BAF7-8C05A6E1DEAA}.Debug|x86.Deploy.0 = Debug|x86
		{6BFD53A0-57CB-4501-BAF7-8C05A6E1DEAA}.Release|Any CPU.ActiveCfg = Release|x86
		{6BFD53A0-57CB-4501-BAF7-8C05A6E1DEAA}.Release|ARM.ActiveCfg = Release|ARM
		{6BFD53A0-57CB-4501-BAF7-8C05A6E1DEAA}.Release|ARM.Build.0 = Release|ARM
		{6BFD53A0-57CB-4501-BAF7-8C05A6E1DEAA}.Release|ARM.Deploy.0 = Release|ARM
		{6BFD53A0-57CB-4501-BAF7-8C05A6E1DEAA}.Release|iPhone.ActiveCfg = Release|x86
		{6BFD53A0-57CB-4501-BAF7-8C05A6E1DEAA}.Release|iPhoneSimulator.ActiveCfg = Release|x86
		{6BFD53A0-57CB-4501-BAF7-8C05A6E1DEAA}.Release|x64.ActiveCfg = Release|x64
		{6BFD53A0-57CB-4501-BAF7-8C05A6E1DEAA}.Release|x64.Build.0 = Release|x64
		{6BFD53A0-57CB-4501-BAF7-8C05A6E1DEAA}.Release|x64.Deploy.0 = Release|x64
		{6BFD53A0-57CB-4501-BAF7-8C05A6E1DEAA}.Release|x86.ActiveCfg = Release|x86
		{6BFD53A0-57CB-4501-BAF7-8C05A6E1DEAA}.Release|x86.Build.0 = Release|x86
		{6BFD53A0-57CB-4501-BAF7-8C05A6E1DEAA}.Release|x86.Deploy.0 = Release|x86
		{FC824770-1CEB-435D-A7A2-6B288FAAC2B0}.Ad-Hoc|Any CPU.ActiveCfg = Ad-Hoc|iPhone
		{FC824770-1CEB-435D-A7A2-6B288FAAC2B0}.Ad-Hoc|ARM.ActiveCfg = Ad-Hoc|iPhone
		{FC824770-1CEB-435D-A7A2-6B288FAAC2B0}.Ad-Hoc|iPhone.ActiveCfg = Ad-Hoc|iPhone
		{FC824770-1CEB-435D-A7A2-6B288FAAC2B0}.Ad-Hoc|iPhone.Build.0 = Ad-Hoc|iPhone
		{FC824770-1CEB-435D-A7A2-6B288FAAC2B0}.Ad-Hoc|iPhoneSimulator.ActiveCfg = Ad-Hoc|iPhoneSimulator
		{FC824770-1CEB-435D-A7A2-6B288FAAC2B0}.Ad-Hoc|iPhoneSimulator.Build.0 = Ad-Hoc|iPhoneSimulator
		{FC824770-1CEB-435D-A7A2-6B288FAAC2B0}.Ad-Hoc|x64.ActiveCfg = Ad-Hoc|iPhone
		{FC824770-1CEB-435D-A7A2-6B288FAAC2B0}.Ad-Hoc|x86.ActiveCfg = Ad-Hoc|iPhone
		{FC824770-1CEB-435D-A7A2-6B288FAAC2B0}.AppStore|Any CPU.ActiveCfg = AppStore|iPhone
		{FC824770-1CEB-435D-A7A2-6B288FAAC2B0}.AppStore|ARM.ActiveCfg = AppStore|iPhone
		{FC824770-1CEB-435D-A7A2-6B288FAAC2B0}.AppStore|iPhone.ActiveCfg = AppStore|iPhone
		{FC824770-1CEB-435D-A7A2-6B288FAAC2B0}.AppStore|iPhone.Build.0 = AppStore|iPhone
		{FC824770-1CEB-435D-A7A2-6B288FAAC2B0}.AppStore|iPhoneSimulator.ActiveCfg = AppStore|iPhoneSimulator
		{FC824770-1CEB-435D-A7A2-6B288FAAC2B0}.AppStore|iPhoneSimulator.Build.0 = AppStore|iPhoneSimulator
		{FC824770-1CEB-435D-A7A2-6B288FAAC2B0}.AppStore|x64.ActiveCfg = AppStore|iPhone
		{FC824770-1CEB-435D-A7A2-6B288FAAC2B0}.AppStore|x86.ActiveCfg = AppStore|iPhone
		{FC824770-1CEB-435D-A7A2-6B288FAAC2B0}.Debug|Any CPU.ActiveCfg = Debug|iPhone
		{FC824770-1CEB-435D-A7A2-6B288FAAC2B0}.Debug|ARM.ActiveCfg = Debug|iPhone
		{FC824770-1CEB-435D-A7A2-6B288FAAC2B0}.Debug|iPhone.ActiveCfg = Debug|iPhone
		{FC824770-1CEB-435D-A7A2-6B288FAAC2B0}.Debug|iPhone.Build.0 = Debug|iPhone
		{FC824770-1CEB-435D-A7A2-6B288FAAC2B0}.Debug|iPhoneSimulator.ActiveCfg = Debug|iPhoneSimulator
		{FC824770-1CEB-435D-A7A2-6B288FAAC2B0}.Debug|iPhoneSimulator.Build.0 = Debug|iPhoneSimulator
		{FC824770-1CEB-435D-A7A2-6B288FAAC2B0}.Debug|x64.ActiveCfg = Debug|iPhone
		{FC824770-1CEB-435D-A7A2-6B288FAAC2B0}.Debug|x86.ActiveCfg = Debug|iPhone
		{FC824770-1CEB-435D-A7A2-6B288FAAC2B0}.Release|Any CPU.ActiveCfg = Release|iPhone
		{FC824770-1CEB-435D-A7A2-6B288FAAC2B0}.Release|ARM.ActiveCfg = Release|iPhone
		{FC824770-1CEB-435D-A7A2-6B288FAAC2B0}.Release|iPhone.ActiveCfg = Release|iPhone
		{FC824770-1CEB-435D-A7A2-6B288FAAC2B0}.Release|iPhone.Build.0 = Release|iPhone
		{FC824770-1CEB-435D-A7A2-6B288FAAC2B0}.Release|iPhoneSimulator.ActiveCfg = Release|iPhoneSimulator
		{FC824770-1CEB-435D-A7A2-6B288FAAC2B0}.Release|iPhoneSimulator.Build.0 = Release|iPhoneSimulator
		{FC824770-1CEB-435D-A7A2-6B288FAAC2B0}.Release|x64.ActiveCfg = Release|iPhone
		{FC824770-1CEB-435D-A7A2-6B288FAAC2B0}.Release|x86.ActiveCfg = Release|iPhone
	EndGlobalSection
	GlobalSection(SolutionProperties) = preSolution
		HideSolutionNode = FALSE
	EndGlobalSection
EndGlobal
